# THIS IS AN AUTOGENERATED FILE. DO NOT EDIT THIS FILE DIRECTLY.
# yarn lockfile v1


"@types/geojson@*":
  version "1.0.2"
  resolved "https://registry.yarnpkg.com/@types/geojson/-/geojson-1.0.2.tgz#b02d10ab028e2928ac592a051aaa4981a1941d03"

"@types/jquery@^3.2.5":
  version "3.2.5"
  resolved "https://registry.yarnpkg.com/@types/jquery/-/jquery-3.2.5.tgz#c082efaab6a791b98131c011343b1d92a56b6019"

"@types/leaflet@^1.0.63":
  version "1.0.63"
  resolved "https://registry.yarnpkg.com/@types/leaflet/-/leaflet-1.0.63.tgz#389649103a1dd718ba7ffcc84bb56d9dd1c6dbe6"
  dependencies:
    "@types/geojson" "*"

typescript@^2.4.1:
  version "2.4.1"
  resolved "https://registry.yarnpkg.com/typescript/-/typescript-2.4.1.tgz#c3ccb16ddaa0b2314de031e7e6fee89e5ba346bc"
